// !$*UTF8*$!
{
	archiveVersion = 1;
	classes = {
	};
	objectVersion = 50;
	objects = {

/* Begin PBXBuildFile section */
		55E4782F223503F30076EEC0 /* AppDelegate.swift in Sources */ = {isa = PBXBuildFile; fileRef = 55E4782E223503F30076EEC0 /* AppDelegate.swift */; };
		55E47831223503F30076EEC0 /* ViewController.swift in Sources */ = {isa = PBXBuildFile; fileRef = 55E47830223503F30076EEC0 /* ViewController.swift */; };
		55E47834223503F30076EEC0 /* Main.storyboard in Resources */ = {isa = PBXBuildFile; fileRef = 55E47832223503F30076EEC0 /* Main.storyboard */; };
		55E47836223503F50076EEC0 /* Assets.xcassets in Resources */ = {isa = PBXBuildFile; fileRef = 55E47835223503F50076EEC0 /* Assets.xcassets */; };
		55E47839223503F50076EEC0 /* LaunchScreen.storyboard in Resources */ = {isa = PBXBuildFile; fileRef = 55E47837223503F50076EEC0 /* LaunchScreen.storyboard */; };
		55E4784222352ED40076EEC0 /* noun_Microwave Oven_2243.png in Resources */ = {isa = PBXBuildFile; fileRef = 55E4784022352ED40076EEC0 /* noun_Microwave Oven_2243.png */; };
		55E4784322352ED40076EEC0 /* noun_Cookbook_51422.png in Resources */ = {isa = PBXBuildFile; fileRef = 55E4784122352ED40076EEC0 /* noun_Cookbook_51422.png */; };
/* End PBXBuildFile section */

/* Begin PBXFileReference section */
		55E4782B223503F30076EEC0 /* HW_ 電子書.app */ = {isa = PBXFileReference; explicitFileType = wrapper.application; includeInIndex = 0; path = "HW_ 電子書.app"; sourceTree = BUILT_PRODUCTS_DIR; };
		55E4782E223503F30076EEC0 /* AppDelegate.swift */ = {isa = PBXFileReference; lastKnownFileType = sourcecode.swift; path = AppDelegate.swift; sourceTree = "<group>"; };
		55E47830223503F30076EEC0 /* ViewController.swift */ = {isa = PBXFileReference; lastKnownFileType = sourcecode.swift; path = ViewController.swift; sourceTree = "<group>"; };
		55E47833223503F30076EEC0 /* Base */ = {isa = PBXFileReference; lastKnownFileType = file.storyboard; name = Base; path = Base.lproj/Main.storyboard; sourceTree = "<group>"; };
		55E47835223503F50076EEC0 /* Assets.xcassets */ = {isa = PBXFileReference; lastKnownFileType = folder.assetcatalog; path = Assets.xcassets; sourceTree = "<group>"; };
		55E47838223503F50076EEC0 /* Base */ = {isa = PBXFileReference; lastKnownFileType = file.storyboard; name = Base; path = Base.lproj/LaunchScreen.storyboard; sourceTree = "<group>"; };
		55E4783A223503F50076EEC0 /* Info.plist */ = {isa = PBXFileReference; lastKnownFileType = text.plist.xml; path = Info.plist; sourceTree = "<group>"; };
		55E4784022352ED40076EEC0 /* noun_Microwave Oven_2243.png */ = {isa = PBXFileReference; lastKnownFileType = image.png; path = "noun_Microwave Oven_2243.png"; sourceTree = "<group>"; };
		55E4784122352ED40076EEC0 /* noun_Cookbook_51422.png */ = {isa = PBXFileReference; lastKnownFileType = image.png; path = noun_Cookbook_51422.png; sourceTree = "<group>"; };
/* End PBXFileReference section */

/* Begin PBXFrameworksBuildPhase section */
		55E47828223503F30076EEC0 /* Frameworks */ = {
			isa = PBXFrameworksBuildPhase;
			buildActionMask = 2147483647;
			files = (
			);
			runOnlyForDeploymentPostprocessing = 0;
		};
/* End PBXFrameworksBuildPhase section */

/* Begin PBXGroup section */
		55E47822223503F30076EEC0 = {
			isa = PBXGroup;
			children = (
				55E4782D223503F30076EEC0 /* HW_ 電子書 */,
				55E4782C223503F30076EEC0 /* Products */,
			);
			sourceTree = "<group>";
		};
		55E4782C223503F30076EEC0 /* Products */ = {
			isa = PBXGroup;
			children = (
				55E4782B223503F30076EEC0 /* HW_ 電子書.app */,
			);
			name = Products;
			sourceTree = "<group>";
		};
		55E4782D223503F30076EEC0 /* HW_ 電子書 */ = {
			isa = PBXGroup;
			children = (
				55E4782E223503F30076EEC0 /* AppDelegate.swift */,
				55E47830223503F30076EEC0 /* ViewController.swift */,
				55E47832223503F30076EEC0 /* Main.storyboard */,
				55E47835223503F50076EEC0 /* Assets.xcassets */,
				55E47837223503F50076EEC0 /* LaunchScreen.storyboard */,
				55E4783A223503F50076EEC0 /* Info.plist */,
				55E4784122352ED40076EEC0 /* noun_Cookbook_51422.png */,
				55E4784022352ED40076EEC0 /* noun_Microwave Oven_2243.png */,
			);
			path = "HW_ 電子書";
			sourceTree = "<group>";
		};
/* End PBXGroup section */

/* Begin PBXNativeTarget section */
		55E4782A223503F30076EEC0 /* HW_ 電子書 */ = {
			isa = PBXNativeTarget;
			buildConfigurationList = 55E4783D223503F50076EEC0 /* Build configuration list for PBXNativeTarget "HW_ 電子書" */;
			buildPhases = (
				55E47827223503F30076EEC0 /* Sources */,
				55E47828223503F30076EEC0 /* Frameworks */,
				55E47829223503F30076EEC0 /* Resources */,
			);
			buildRules = (
			);
			dependencies = (
			);
			name = "HW_ 電子書";
			productName = "HW_ 電子書";
			productReference = 55E4782B223503F30076EEC0 /* HW_ 電子書.app */;
			productType = "com.apple.product-type.application";
		};
/* End PBXNativeTarget section */

/* Begin PBXProject section */
		55E47823223503F30076EEC0 /* Project object */ = {
			isa = PBXProject;
			attributes = {
				LastSwiftUpdateCheck = 1010;
				LastUpgradeCheck = 1010;
				ORGANIZATIONNAME = User03;
				TargetAttributes = {
					55E4782A223503F30076EEC0 = {
						CreatedOnToolsVersion = 10.1;
					};
				};
			};
			buildConfigurationList = 55E47826223503F30076EEC0 /* Build configuration list for PBXProject "HW_ 電子書" */;
			compatibilityVersion = "Xcode 9.3";
			developmentRegion = en;
			hasScannedForEncodings = 0;
			knownRegions = (
				en,
				Base,
			);
			mainGroup = 55E47822223503F30076EEC0;
			productRefGroup = 55E4782C223503F30076EEC0 /* Products */;
			projectDirPath = "";
			projectRoot = "";
			targets = (
				55E4782A223503F30076EEC0 /* HW_ 電子書 */,
			);
		};
/* End PBXProject section */

/* Begin PBXResourcesBuildPhase section */
		55E47829223503F30076EEC0 /* Resources */ = {
			isa = PBXResourcesBuildPhase;
			buildActionMask = 2147483647;
			files = (
				55E47839223503F50076EEC0 /* LaunchScreen.storyboard in Resources */,
				55E4784222352ED40076EEC0 /* noun_Microwave Oven_2243.png in Resources */,
				55E4784322352ED40076EEC0 /* noun_Cookbook_51422.png in Resources */,
				55E47836223503F50076EEC0 /* Assets.xcassets in Resources */,
				55E47834223503F30076EEC0 /* Main.storyboard in Resources */,
			);
			runOnlyForDeploymentPostprocessing = 0;
		};
/* End PBXResourcesBuildPhase section */

/* Begin PBXSourcesBuildPhase section */
		55E47827223503F30076EEC0 /* Sources */ = {
			isa = PBXSourcesBuildPhase;
			buildActionMask = 2147483647;
			files = (
				55E47831223503F30076EEC0 /* ViewController.swift in Sources */,
				55E4782F223503F30076EEC0 /* AppDelegate.swift in Sources */,
			);
			runOnlyForDeploymentPostprocessing = 0;
		};
/* End PBXSourcesBuildPhase section */

/* Begin PBXVariantGroup section */
		55E47832223503F30076EEC0 /* Main.storyboard */ = {
			isa = PBXVariantGroup;
			children = (
				55E47833223503F30076EEC0 /* Base */,
			);
			name = Main.storyboard;
			sourceTree = "<group>";
		};
		55E47837223503F50076EEC0 /* LaunchScreen.storyboard */ = {
			isa = PBXVariantGroup;
			children = (
				55E47838223503F50076EEC0 /* Base */,
			);
			name = LaunchScreen.storyboard;
			sourceTree = "<group>";
		};
/* End PBXVariantGroup section */

/* Begin XCBuildConfiguration section */
		55E4783B223503F50076EEC0 /* Debug */ = {
			isa = XCBuildConfiguration;
			buildSettings = {
				ALWAYS_SEARCH_USER_PATHS = NO;
				CLANG_ANALYZER_NONNULL = YES;
				CLANG_ANALYZER_NUMBER_OBJECT_CONVERSION = YES_AGGRESSIVE;
				CLANG_CXX_LANGUAGE_STANDARD = "gnu++14";
				CLANG_CXX_LIBRARY = "libc++";
				CLANG_ENABLE_MODULES = YES;
				CLANG_ENABLE_OBJC_ARC = YES;
				CLANG_ENABLE_OBJC_WEAK = YES;
				CLANG_WARN_BLOCK_CAPTURE_AUTORELEASING = YES;
				CLANG_WARN_BOOL_CONVERSION = YES;
				CLANG_WARN_COMMA = YES;
				CLANG_WARN_CONSTANT_CONVERSION = YES;
				CLANG_WARN_DEPRECATED_OBJC_IMPLEMENTATIONS = YES;
				CLANG_WARN_DIRECT_OBJC_ISA_USAGE = YES_ERROR;
				CLANG_WARN_DOCUMENTATION_COMMENTS = YES;
				CLANG_WARN_EMPTY_BODY = YES;
				CLANG_WARN_ENUM_CONVERSION = YES;
				CLANG_WARN_INFINITE_RECURSION = YES;
				CLANG_WARN_INT_CONVERSION = YES;
				CLANG_WARN_NON_LITERAL_NULL_CONVERSION = YES;
				CLANG_WARN_OBJC_IMPLICIT_RETAIN_SELF = YES;
				CLANG_WARN_OBJC_LITERAL_CONVERSION = YES;
				CLANG_WARN_OBJC_ROOT_CLASS = YES_ERROR;
				CLANG_WARN_RANGE_LOOP_ANALYSIS = YES;
				CLANG_WARN_STRICT_PROTOTYPES = YES;
				CLANG_WARN_SUSPICIOUS_MOVE = YES;
				CLANG_WARN_UNGUARDED_AVAILABILITY = YES_AGGRESSIVE;
				CLANG_WARN_UNREACHABLE_CODE = YES;
				CLANG_WARN__DUPLICATE_METHOD_MATCH = YES;
				CODE_SIGN_IDENTITY = "iPhone Developer";
				COPY_PHASE_STRIP = NO;
				DEBUG_INFORMATION_FORMAT = dwarf;
				ENABLE_STRICT_OBJC_MSGSEND = YES;
				ENABLE_TESTABILITY = YES;
				GCC_C_LANGUAGE_STANDARD = gnu11;
				GCC_DYNAMIC_NO_PIC = NO;
				GCC_NO_COMMON_BLOCKS = YES;
				GCC_OPTIMIZATION_LEVEL = 0;
				GCC_PREPROCESSOR_DEFINITIONS = (
					"DEBUG=1",
					"$(inherited)",
				);
				GCC_WARN_64_TO_32_BIT_CONVERSION = YES;
				GCC_WARN_ABOUT_RETURN_TYPE = YES_ERROR;
				GCC_WARN_UNDECLARED_SELECTOR = YES;
				GCC_WARN_UNINITIALIZED_AUTOS = YES_AGGRESSIVE;
				GCC_WARN_UNUSED_FUNCTION = YES;
				GCC_WARN_UNUSED_VARIABLE = YES;
				IPHONEOS_DEPLOYMENT_TARGET = 12.1;
				MTL_ENABLE_DEBUG_INFO = INCLUDE_SOURCE;
				MTL_FAST_MATH = YES;
				ONLY_ACTIVE_ARCH = YES;
				SDKROOT = iphoneos;
				SWIFT_ACTIVE_COMPILATION_CONDITIONS = DEBUG;
				SWIFT_OPTIMIZATION_LEVEL = "-Onone";
			};
			name = Debug;
		};
		55E4783C223503F50076EEC0 /* Release */ = {
			isa = XCBuildConfiguration;
			buildSettings = {
				ALWAYS_SEARCH_USER_PATHS = NO;
				CLANG_ANALYZER_NONNULL = YES;
				CLANG_ANALYZER_NUMBER_OBJECT_CONVERSION = YES_AGGRESSIVE;
				CLANG_CXX_LANGUAGE_STANDARD = "gnu++14";
				CLANG_CXX_LIBRARY = "libc++";
				CLANG_ENABLE_MODULES = YES;
				CLANG_ENABLE_OBJC_ARC = YES;
				CLANG_ENABLE_OBJC_WEAK = YES;
				CLANG_WARN_BLOCK_CAPTURE_AUTORELEASING = YES;
				CLANG_WARN_BOOL_CONVERSION = YES;
				CLANG_WARN_COMMA = YES;
				CLANG_WARN_CONSTANT_CONVERSION = YES;
				CLANG_WARN_DEPRECATED_OBJC_IMPLEMENTATIONS = YES;
				CLANG_WARN_DIRECT_OBJC_ISA_USAGE = YES_ERROR;
				CLANG_WARN_DOCUMENTATION_COMMENTS = YES;
				CLANG_WARN_EMPTY_BODY = YES;
				CLANG_WARN_ENUM_CONVERSION = YES;
				CLANG_WARN_INFINITE_RECURSION = YES;
				CLANG_WARN_INT_CONVERSION = YES;
				CLANG_WARN_NON_LITERAL_NULL_CONVERSION = YES;
				CLANG_WARN_OBJC_IMPLICIT_RETAIN_SELF = YES;
				CLANG_WARN_OBJC_LITERAL_CONVERSION = YES;
				CLANG_WARN_OBJC_ROOT_CLASS = YES_ERROR;
				CLANG_WARN_RANGE_LOOP_ANALYSIS = YES;
				CLANG_WARN_STRICT_PROTOTYPES = YES;
				CLANG_WARN_SUSPICIOUS_MOVE = YES;
				CLANG_WARN_UNGUARDED_AVAILABILITY = YES_AGGRESSIVE;
				CLANG_WARN_UNREACHABLE_CODE = YES;
				CLANG_WARN__DUPLICATE_METHOD_MATCH = YES;
				CODE_SIGN_IDENTITY = "iPhone Developer";
				COPY_PHASE_STRIP = NO;
				DEBUG_INFORMATION_FORMAT = "dwarf-with-dsym";
				ENABLE_NS_ASSERTIONS = NO;
				ENABLE_STRICT_OBJC_MSGSEND = YES;
				GCC_C_LANGUAGE_STANDARD = gnu11;
				GCC_NO_COMMON_BLOCKS = YES;
				GCC_WARN_64_TO_32_BIT_CONVERSION = YES;
				GCC_WARN_ABOUT_RETURN_TYPE = YES_ERROR;
				GCC_WARN_UNDECLARED_SELECTOR = YES;
				GCC_WARN_UNINITIALIZED_AUTOS = YES_AGGRESSIVE;
				GCC_WARN_UNUSED_FUNCTION = YES;
				GCC_WARN_UNUSED_VARIABLE = YES;
				IPHONEOS_DEPLOYMENT_TARGET = 12.1;
				MTL_ENABLE_DEBUG_INFO = NO;
				MTL_FAST_MATH = YES;
				SDKROOT = iphoneos;
				SWIFT_COMPILATION_MODE = wholemodule;
				SWIFT_OPTIMIZATION_LEVEL = "-O";
				VALIDATE_PRODUCT = YES;
			};
			name = Release;
		};
		55E4783E223503F50076EEC0 /* Debug */ = {
			isa = XCBuildConfiguration;
			buildSettings = {
				ASSETCATALOG_COMPILER_APPICON_NAME = AppIcon;
				CODE_SIGN_STYLE = Automatic;
				INFOPLIST_FILE = "HW_ 電子書/Info.plist";
				LD_RUNPATH_SEARCH_PATHS = (
					"$(inherited)",
					"@executable_path/Frameworks",
				);
				PRODUCT_BUNDLE_IDENTIFIER = "com.yuyu.HW-----";
				PRODUCT_NAME = "$(TARGET_NAME)";
				SWIFT_VERSION = 4.2;
				TARGETED_DEVICE_FAMILY = "1,2";
			};
			name = Debug;
		};
		55E4783F223503F50076EEC0 /* Release */ = {
			isa = XCBuildConfiguration;
			buildSettings = {
				ASSETCATALOG_COMPILER_APPICON_NAME = AppIcon;
				CODE_SIGN_STYLE = Automatic;
				INFOPLIST_FILE = "HW_ 電子書/Info.plist";
				LD_RUNPATH_SEARCH_PATHS = (
					"$(inherited)",
					"@executable_path/Frameworks",
				);
				PRODUCT_BUNDLE_IDENTIFIER = "com.yuyu.HW-----";
				PRODUCT_NAME = "$(TARGET_NAME)";
				SWIFT_VERSION = 4.2;
				TARGETED_DEVICE_FAMILY = "1,2";
			};
			name = Release;
		};
/* End XCBuildConfiguration section */

/* Begin XCConfigurationList section */
		55E47826223503F30076EEC0 /* Build configuration list for PBXProject "HW_ 電子書" */ = {
			isa = XCConfigurationList;
			buildConfigurations = (
				55E4783B223503F50076EEC0 /* Debug */,
				55E4783C223503F50076EEC0 /* Release */,
			);
			defaultConfigurationIsVisible = 0;
			defaultConfigurationName = Release;
		};
		55E4783D223503F50076EEC0 /* Build configuration list for PBXNativeTarget "HW_ 電子書" */ = {
			isa = XCConfigurationList;
			buildConfigurations = (
				55E4783E223503F50076EEC0 /* Debug */,
				55E4783F223503F50076EEC0 /* Release */,
			);
			defaultConfigurationIsVisible = 0;
			defaultConfigurationName = Release;
		};
/* End XCConfigurationList section */
	};
	rootObject = 55E47823223503F30076EEC0 /* Project object */;
}
